
Microsoft Visual Studio Solution File, Format Version 12.00
# Visual Studio Version 17
VisualStudioVersion = 17.4.33213.308
MinimumVisualStudioVersion = 10.0.40219.1
Project("{FAE04EC0-301F-11D3-BF4B-00C04F79EFBC}") = "StringSpanBenchmark.Console", "StringSpanBenchmark.Console\StringSpanBenchmark.Console.csproj", "{81989580-2DF4-4CD4-8F5D-8660999A8CC6}"
EndProject
Global
	GlobalSection(SolutionConfigurationPlatforms) = preSolution
		Debug|Any CPU = Debug|Any CPU
		Release|Any CPU = Release|Any CPU
	EndGlobalSection
	GlobalSection(ProjectConfigurationPlatforms) = postSolution
		{81989580-2DF4-4CD4-8F5D-8660999A8CC6}.Debug|Any CPU.ActiveCfg = Debug|Any CPU
		{81989580-2DF4-4CD4-8F5D-8660999A8CC6}.Debug|Any CPU.Build.0 = Debug|Any CPU
		{81989580-2DF4-4CD4-8F5D-8660999A8CC6}.Release|Any CPU.ActiveCfg = Release|Any CPU
		{81989580-2DF4-4CD4-8F5D-8660999A8CC6}.Release|Any CPU.Build.0 = Release|Any CPU
	EndGlobalSection
	GlobalSection(SolutionProperties) = preSolution
		HideSolutionNode = FALSE
	EndGlobalSection
	GlobalSection(ExtensibilityGlobals) = postSolution
		SolutionGuid = {706EEC5B-B45C-46ED-BBDA-61B9B9A1C6C7}
	EndGlobalSection
EndGlobal
